Microsoft Visual Studio Solution File, Format Version 12.00
# Visual Studio Version 16
VisualStudioVersion = 16.0.0.0
MinimumVisualStudioVersion = 16.0.0.0
Project("{9A19103F-16F7-4668-BE54-9A1E7A4F7556}") = "WebSpa.Server", "Server\WebSpa.Server.csproj", "{467EC191-0286-4E79-BBA3-789B93F63F2A}"
EndProject
Project("{9A19103F-16F7-4668-BE54-9A1E7A4F7556}") = "WebSpa.Client", "Client\WebSpa.Client.csproj", "{0B25B4AE-A01E-4452-BECE-EB862FB09093}"
EndProject
Project("{9A19103F-16F7-4668-BE54-9A1E7A4F7556}") = "WebSpa.Shared", "Shared\WebSpa.Shared.csproj", "{AC3BAA2E-97CD-487A-8254-00123FD4E429}"
EndProject
Global
	GlobalSection(SolutionConfigurationPlatforms) = preSolution
		Debug|Any CPU = Debug|Any CPU
		Debug|x64 = Debug|x64
		Debug|x86 = Debug|x86
		Release|Any CPU = Release|Any CPU
		Release|x64 = Release|x64
		Release|x86 = Release|x86
	EndGlobalSection
	GlobalSection(ProjectConfigurationPlatforms) = postSolution
		{0B25B4AE-A01E-4452-BECE-EB862FB09093}.Debug|Any CPU.ActiveCfg = Debug|Any CPU
		{0B25B4AE-A01E-4452-BECE-EB862FB09093}.Debug|Any CPU.Build.0 = Debug|Any CPU
		{0B25B4AE-A01E-4452-BECE-EB862FB09093}.Debug|x64.ActiveCfg = Debug|Any CPU
		{0B25B4AE-A01E-4452-BECE-EB862FB09093}.Debug|x64.Build.0 = Debug|Any CPU
		{0B25B4AE-A01E-4452-BECE-EB862FB09093}.Debug|x86.ActiveCfg = Debug|Any CPU
		{0B25B4AE-A01E-4452-BECE-EB862FB09093}.Debug|x86.Build.0 = Debug|Any CPU
		{0B25B4AE-A01E-4452-BECE-EB862FB09093}.Release|Any CPU.ActiveCfg = Release|Any CPU
		{0B25B4AE-A01E-4452-BECE-EB862FB09093}.Release|Any CPU.Build.0 = Release|Any CPU
		{0B25B4AE-A01E-4452-BECE-EB862FB09093}.Release|x64.ActiveCfg = Release|Any CPU
		{0B25B4AE-A01E-4452-BECE-EB862FB09093}.Release|x64.Build.0 = Release|Any CPU
		{0B25B4AE-A01E-4452-BECE-EB862FB09093}.Release|x86.ActiveCfg = Release|Any CPU
		{0B25B4AE-A01E-4452-BECE-EB862FB09093}.Release|x86.Build.0 = Release|Any CPU
		{467EC191-0286-4E79-BBA3-789B93F63F2A}.Debug|Any CPU.ActiveCfg = Debug|Any CPU
		{467EC191-0286-4E79-BBA3-789B93F63F2A}.Debug|Any CPU.Build.0 = Debug|Any CPU
		{467EC191-0286-4E79-BBA3-789B93F63F2A}.Debug|x64.ActiveCfg = Debug|Any CPU
		{467EC191-0286-4E79-BBA3-789B93F63F2A}.Debug|x64.Build.0 = Debug|Any CPU
		{467EC191-0286-4E79-BBA3-789B93F63F2A}.Debug|x86.ActiveCfg = Debug|Any CPU
		{467EC191-0286-4E79-BBA3-789B93F63F2A}.Debug|x86.Build.0 = Debug|Any CPU
		{467EC191-0286-4E79-BBA3-789B93F63F2A}.Release|Any CPU.ActiveCfg = Release|Any CPU
		{467EC191-0286-4E79-BBA3-789B93F63F2A}.Release|Any CPU.Build.0 = Release|Any CPU
		{467EC191-0286-4E79-BBA3-789B93F63F2A}.Release|x64.ActiveCfg = Release|Any CPU
		{467EC191-0286-4E79-BBA3-789B93F63F2A}.Release|x64.Build.0 = Release|Any CPU
		{467EC191-0286-4E79-BBA3-789B93F63F2A}.Release|x86.ActiveCfg = Release|Any CPU
		{467EC191-0286-4E79-BBA3-789B93F63F2A}.Release|x86.Build.0 = Release|Any CPU
		{AC3BAA2E-97CD-487A-8254-00123FD4E429}.Debug|Any CPU.ActiveCfg = Debug|Any CPU
		{AC3BAA2E-97CD-487A-8254-00123FD4E429}.Debug|Any CPU.Build.0 = Debug|Any CPU
		{AC3BAA2E-97CD-487A-8254-00123FD4E429}.Debug|x64.ActiveCfg = Debug|Any CPU
		{AC3BAA2E-97CD-487A-8254-00123FD4E429}.Debug|x64.Build.0 = Debug|Any CPU
		{AC3BAA2E-97CD-487A-8254-00123FD4E429}.Debug|x86.ActiveCfg = Debug|Any CPU
		{AC3BAA2E-97CD-487A-8254-00123FD4E429}.Debug|x86.Build.0 = Debug|Any CPU
		{AC3BAA2E-97CD-487A-8254-00123FD4E429}.Release|Any CPU.ActiveCfg = Release|Any CPU
		{AC3BAA2E-97CD-487A-8254-00123FD4E429}.Release|Any CPU.Build.0 = Release|Any CPU
		{AC3BAA2E-97CD-487A-8254-00123FD4E429}.Release|x64.ActiveCfg = Release|Any CPU
		{AC3BAA2E-97CD-487A-8254-00123FD4E429}.Release|x64.Build.0 = Release|Any CPU
		{AC3BAA2E-97CD-487A-8254-00123FD4E429}.Release|x86.ActiveCfg = Release|Any CPU
		{AC3BAA2E-97CD-487A-8254-00123FD4E429}.Release|x86.Build.0 = Release|Any CPU
	EndGlobalSection
	GlobalSection(SolutionProperties) = preSolution
		HideSolutionNode = FALSE
	EndGlobalSection
	GlobalSection(ExtensibilityGlobals) = postSolution
		SolutionGuid = {7A3DE9CF-B80E-42D3-931C-A6945A5CCC04}
	EndGlobalSection
EndGlobal